# THIS IS AN AUTOGENERATED FILE. DO NOT EDIT THIS FILE DIRECTLY.
# yarn lockfile v1


react-timeago@^6.2.1:
  version "6.2.1"
  resolved "https://registry.yarnpkg.com/react-timeago/-/react-timeago-6.2.1.tgz#f19716811156617ceb9c9f9a44315d85197c7fba"
  integrity sha512-b9EObWO8wy4qwfOzj+g/RQZRrPvtMv1Pz12FCdAWKWCXbDGt0rZLyiyTGEr0Lh1O8w5xa48CtRpl3LI+CtGCyw==
